
Microsoft Visual Studio Solution File, Format Version 12.00
# Visual Studio Version 17
VisualStudioVersion = 17.9.34616.47
MinimumVisualStudioVersion = 10.0.40219.1
Project("{FAE04EC0-301F-11D3-BF4B-00C04F79EFBC}") = "Adapter pattern", "Adapter pattern.csproj", "{74C35DD1-F07C-48D8-BA79-2C9642EEE4B4}"
EndProject
Global
	GlobalSection(SolutionConfigurationPlatforms) = preSolution
		Debug|Any CPU = Debug|Any CPU
		Release|Any CPU = Release|Any CPU
	EndGlobalSection
	GlobalSection(ProjectConfigurationPlatforms) = postSolution
		{74C35DD1-F07C-48D8-BA79-2C9642EEE4B4}.Debug|Any CPU.ActiveCfg = Debug|Any CPU
		{74C35DD1-F07C-48D8-BA79-2C9642EEE4B4}.Debug|Any CPU.Build.0 = Debug|Any CPU
		{74C35DD1-F07C-48D8-BA79-2C9642EEE4B4}.Release|Any CPU.ActiveCfg = Release|Any CPU
		{74C35DD1-F07C-48D8-BA79-2C9642EEE4B4}.Release|Any CPU.Build.0 = Release|Any CPU
	EndGlobalSection
	GlobalSection(SolutionProperties) = preSolution
		HideSolutionNode = FALSE
	EndGlobalSection
	GlobalSection(ExtensibilityGlobals) = postSolution
		SolutionGuid = {50268F2F-A57D-4E90-A87F-53A3B8276353}
	EndGlobalSection
EndGlobal
